
Microsoft Visual Studio Solution File, Format Version 12.00
# Visual Studio Version 17
VisualStudioVersion = 17.11.35327.3
MinimumVisualStudioVersion = 10.0.40219.1
Project("{9A19103F-16F7-4668-BE54-9A1E7A4F7556}") = "ptm_dev_test", "ptm_dev_test\ptm_dev_test.csproj", "{6837A6CF-29DE-40FC-806A-8848EF7902B7}"
EndProject
Project("{FAE04EC0-301F-11D3-BF4B-00C04F79EFBC}") = "ptm_dev_test.Tests", "ptm_dev_test.Tests\ptm_dev_test.Tests.csproj", "{6FA74287-8540-45CE-9ECD-E3DAF7D5E130}"
EndProject
Global
	GlobalSection(SolutionConfigurationPlatforms) = preSolution
		Debug|Any CPU = Debug|Any CPU
		Release|Any CPU = Release|Any CPU
	EndGlobalSection
	GlobalSection(ProjectConfigurationPlatforms) = postSolution
		{6837A6CF-29DE-40FC-806A-8848EF7902B7}.Debug|Any CPU.ActiveCfg = Debug|Any CPU
		{6837A6CF-29DE-40FC-806A-8848EF7902B7}.Debug|Any CPU.Build.0 = Debug|Any CPU
		{6837A6CF-29DE-40FC-806A-8848EF7902B7}.Release|Any CPU.ActiveCfg = Release|Any CPU
		{6837A6CF-29DE-40FC-806A-8848EF7902B7}.Release|Any CPU.Build.0 = Release|Any CPU
		{6FA74287-8540-45CE-9ECD-E3DAF7D5E130}.Debug|Any CPU.ActiveCfg = Debug|Any CPU
		{6FA74287-8540-45CE-9ECD-E3DAF7D5E130}.Debug|Any CPU.Build.0 = Debug|Any CPU
		{6FA74287-8540-45CE-9ECD-E3DAF7D5E130}.Release|Any CPU.ActiveCfg = Release|Any CPU
		{6FA74287-8540-45CE-9ECD-E3DAF7D5E130}.Release|Any CPU.Build.0 = Release|Any CPU
	EndGlobalSection
	GlobalSection(SolutionProperties) = preSolution
		HideSolutionNode = FALSE
	EndGlobalSection
	GlobalSection(ExtensibilityGlobals) = postSolution
		SolutionGuid = {E221B8F2-0043-41B6-B39B-BBC246196887}
	EndGlobalSection
EndGlobal
